<Solution>
  <Folder Name="/Solution Items/">
    <File Path=".env" />
    <File Path="Directory.Packages.props" />
  </Folder>
  <Folder Name="/src/">
    <Project Path="src/Basket.API/Basket.API.csproj" Id="41b6ad86-1da3-4e9e-838b-fcaa1d11a229" />
    <Project Path="src/Catalog.API/Catalog.API.csproj" Id="1c71e854-c9fc-47ef-aa77-456b77681879" />
    <Project Path="src/Identity.API/Identity.API.csproj" />
    <Project Path="src/Notification.Worker/Notification.Worker.csproj" Id="5b62b947-ebe9-4141-ae69-36ecb7d2beb1" />
    <Project Path="src/Orders.API/Orders.API.csproj" Id="9f5166b0-ce3b-432e-807d-68882b24689b" />
    <Project Path="src/Shared/Shared.csproj" Id="d5d16ea6-5b47-48db-80e4-c92e82fc1ad3" />
  </Folder>
  <Folder Name="/tests/">
    <Project Path="tests/Basket.UnitTests/Basket.UnitTests.csproj" Id="01dac00a-5309-40c1-9482-0bd8cf5e643f" />
    <Project Path="tests/Orders.UnitTests/Orders.UnitTests.csproj" Id="fe3b79d3-7123-40c4-abb4-dcb4debc5d83" />
  </Folder>
  <Project Path="docker-compose.dcproj">
    <Build />
  </Project>
</Solution>
